
Microsoft Visual Studio Solution File, Format Version 12.00
# Visual Studio 2012
Project("{FAE04EC0-301F-11D3-BF4B-00C04F79EFBC}") = "HRM", "HRM\HRM.csproj", "{DCC92A84-2543-44AC-96E1-B748C02C44BE}"
EndProject
Global
	GlobalSection(SolutionConfigurationPlatforms) = preSolution
		Debug|Any CPU = Debug|Any CPU
		Release|Any CPU = Release|Any CPU
	EndGlobalSection
	GlobalSection(ProjectConfigurationPlatforms) = postSolution
		{DCC92A84-2543-44AC-96E1-B748C02C44BE}.Debug|Any CPU.ActiveCfg = Debug|Any CPU
		{DCC92A84-2543-44AC-96E1-B748C02C44BE}.Debug|Any CPU.Build.0 = Debug|Any CPU
		{DCC92A84-2543-44AC-96E1-B748C02C44BE}.Release|Any CPU.ActiveCfg = Release|Any CPU
		{DCC92A84-2543-44AC-96E1-B748C02C44BE}.Release|Any CPU.Build.0 = Release|Any CPU
	EndGlobalSection
	GlobalSection(SolutionProperties) = preSolution
		HideSolutionNode = FALSE
	EndGlobalSection
EndGlobal
